
Microsoft Visual Studio Solution File, Format Version 11.00
# Visual Studio 2010
Project("{FAE04EC0-301F-11D3-BF4B-00C04F79EFBC}") = "Listener", "Listener\Listener.csproj", "{DE5D76E0-96EA-4E11-ACAA-6838F046B743}"
EndProject
Project("{FAE04EC0-301F-11D3-BF4B-00C04F79EFBC}") = "ExchangeStoreEmulator", "ExchangeStoreEmulator\ExchangeStoreEmulator.csproj", "{B1ADBDFD-E365-46A9-9CD6-24A2550FC929}"
EndProject
Global
	GlobalSection(SolutionConfigurationPlatforms) = preSolution
		Debug|Any CPU = Debug|Any CPU
		Release|Any CPU = Release|Any CPU
	EndGlobalSection
	GlobalSection(ProjectConfigurationPlatforms) = postSolution
		{DE5D76E0-96EA-4E11-ACAA-6838F046B743}.Debug|Any CPU.ActiveCfg = Debug|Any CPU
		{DE5D76E0-96EA-4E11-ACAA-6838F046B743}.Debug|Any CPU.Build.0 = Debug|Any CPU
		{DE5D76E0-96EA-4E11-ACAA-6838F046B743}.Release|Any CPU.ActiveCfg = Release|Any CPU
		{DE5D76E0-96EA-4E11-ACAA-6838F046B743}.Release|Any CPU.Build.0 = Release|Any CPU
		{B1ADBDFD-E365-46A9-9CD6-24A2550FC929}.Debug|Any CPU.ActiveCfg = Debug|Any CPU
		{B1ADBDFD-E365-46A9-9CD6-24A2550FC929}.Debug|Any CPU.Build.0 = Debug|Any CPU
		{B1ADBDFD-E365-46A9-9CD6-24A2550FC929}.Release|Any CPU.ActiveCfg = Release|Any CPU
		{B1ADBDFD-E365-46A9-9CD6-24A2550FC929}.Release|Any CPU.Build.0 = Release|Any CPU
	EndGlobalSection
	GlobalSection(SolutionProperties) = preSolution
		HideSolutionNode = FALSE
	EndGlobalSection
EndGlobal
